{
  "name": "watch-together",
  "version": "1.0.0",
  "lockfileVersion": 3,
  "requires": true,
  "packages": {
    "": {
      "name": "watch-together",
      "version": "1.0.0",
      "license": "MIT",
      "dependencies": {
        "jassub": "^2.5.16",
        "ws": "^8.21.3"
      },
      "engines": {
        "node": ">=24.0.0"
      }
    },
    "node_modules/abslink": {
      "version": "1.2.2",
      "resolved": "https://registry.npmjs.org/abslink/-/abslink-1.2.2.tgz",
      "integrity": "sha512-HCOItvzORPjMzddCmEpbH8+W1VM3yjH+CR7DLtxlxFKX/jz5twJbm7KLfblO7eKLnXINLah8Hk2ZAJqxXeSkOg==",
      "license": "Apache-2.0"
    },
    "node_modules/jassub": {
      "version": "2.5.16",
      "resolved": "https://registry.npmjs.org/jassub/-/jassub-2.5.16.tgz",
      "integrity": "sha512-n4vjXfraf3o8k3/5TK6DhCYVcbQ/VqhVOgwqLd3l0xfMtsN4fpE/hPq2hPaGagBTOtJS9yHwRoRp3mmchQ9XVg==",
      "license": "LGPL-2.1-or-later AND (FTL OR GPL-2.0-or-later) AND MIT AND MIT-Modern-Variant AND ISC AND NTP AND Zlib AND BSL-1.0",
      "dependencies": {
        "abslink": "^1.2.2",
        "lfa-ponyfill": "^1.1.0",
        "rvfc-polyfill": "^1.0.8",
        "throughput": "^1.0.2"
      }
    },
    "node_modules/lfa-ponyfill": {
      "version": "1.1.1",
      "resolved": "https://registry.npmjs.org/lfa-ponyfill/-/lfa-ponyfill-1.1.1.tgz",
      "integrity": "sha512-Had4tsGEHtIj58MRtf6SlubNDltxinxMSdxIn1GdwrWbye8TD+pZ+D6qKETnJ9+vQOfG9q/Ds4WUPskhyAMp5Q==",
      "hasInstallScript": true,
      "license": "MIT"
    },
    "node_modules/rvfc-polyfill": {
      "version": "1.0.8",
      "resolved": "https://registry.npmjs.org/rvfc-polyfill/-/rvfc-polyfill-1.0.8.tgz",
      "integrity": "sha512-uA+0wwTkZ4OT8v45pfDfH+7Yq8mY6MvNngiF5Sq6VBgjJsvsfgt7Q18cyZqZjfAhW9rhkgXPX0cW0R9uw7yElA==",
      "license": "GPL-3.0"
    },
    "node_modules/throughput": {
      "version": "1.0.2",
      "resolved": "https://registry.npmjs.org/throughput/-/throughput-1.0.2.tgz",
      "integrity": "sha512-jvK1ZXuhsggjb3qYQjMiU/AVYYiTeqT5thWvYR2yuy2LGM84P5MSSyAinwHahGsdBYKR9m9HncVR/3f3nFKkxg==",
      "license": "MIT"
    },
    "node_modules/ws": {
      "version": "8.21.3",
      "resolved": "https://registry.npmjs.org/ws/-/ws-8.21.3.tgz",
      "integrity": "sha512-201TZ/kPWxoPr/OKWjquZR1SWKXcvxdH+e1xrx89b3YbmzLMFCLfnaG1HFIgWzJOEWZ7MvpK++odZufgYR50Rw==",
      "license": "MIT",
      "engines": {
        "node": ">=10.0.0"
      },
      "peerDependencies": {
        "bufferutil": "^4.0.1",
        "utf-8-validate": ">=5.0.2"
      },
      "peerDependenciesMeta": {
        "bufferutil": {
          "optional": true
        },
        "utf-8-validate": {
          "optional": true
        }
      }
    }
  }
}
